
Microsoft Visual Studio Solution File, Format Version 12.00
# Visual Studio Version 16
VisualStudioVersion = 16.0.30717.126
MinimumVisualStudioVersion = 10.0.40219.1
Project("{FAE04EC0-301F-11D3-BF4B-00C04F79EFBC}") = "epsi.app", "epsi.app\epsi.app.csproj", "{C669186C-816D-46F7-A703-AB9BE3F73032}"
EndProject
Project("{FAE04EC0-301F-11D3-BF4B-00C04F79EFBC}") = "epsi.appDto", "epsi.appDto\epsi.appDto.csproj", "{65B592E9-EDB9-4781-AC09-7BDC8DBC186B}"
EndProject
Global
	GlobalSection(SolutionConfigurationPlatforms) = preSolution
		Debug|Any CPU = Debug|Any CPU
		Release|Any CPU = Release|Any CPU
	EndGlobalSection
	GlobalSection(ProjectConfigurationPlatforms) = postSolution
		{C669186C-816D-46F7-A703-AB9BE3F73032}.Debug|Any CPU.ActiveCfg = Debug|Any CPU
		{C669186C-816D-46F7-A703-AB9BE3F73032}.Debug|Any CPU.Build.0 = Debug|Any CPU
		{C669186C-816D-46F7-A703-AB9BE3F73032}.Release|Any CPU.ActiveCfg = Release|Any CPU
		{C669186C-816D-46F7-A703-AB9BE3F73032}.Release|Any CPU.Build.0 = Release|Any CPU
		{65B592E9-EDB9-4781-AC09-7BDC8DBC186B}.Debug|Any CPU.ActiveCfg = Debug|Any CPU
		{65B592E9-EDB9-4781-AC09-7BDC8DBC186B}.Debug|Any CPU.Build.0 = Debug|Any CPU
		{65B592E9-EDB9-4781-AC09-7BDC8DBC186B}.Release|Any CPU.ActiveCfg = Release|Any CPU
		{65B592E9-EDB9-4781-AC09-7BDC8DBC186B}.Release|Any CPU.Build.0 = Release|Any CPU
	EndGlobalSection
	GlobalSection(SolutionProperties) = preSolution
		HideSolutionNode = FALSE
	EndGlobalSection
	GlobalSection(ExtensibilityGlobals) = postSolution
		SolutionGuid = {AF53635D-D683-4E48-9B3B-2A104E98A35F}
	EndGlobalSection
EndGlobal
